
Microsoft Visual Studio Solution File, Format Version 12.00
# Visual Studio Version 17
VisualStudioVersion = 17.11.35303.130
MinimumVisualStudioVersion = 10.0.40219.1
Project("{9A19103F-16F7-4668-BE54-9A1E7A4F7556}") = "RedisAcceleratedAPI.API", "RedisAcceleratedAPI.API.csproj", "{89A651D9-DCEF-42F7-BF86-ABB461B277D2}"
EndProject
Global
	GlobalSection(SolutionConfigurationPlatforms) = preSolution
		Debug|Any CPU = Debug|Any CPU
		Release|Any CPU = Release|Any CPU
	EndGlobalSection
	GlobalSection(ProjectConfigurationPlatforms) = postSolution
		{89A651D9-DCEF-42F7-BF86-ABB461B277D2}.Debug|Any CPU.ActiveCfg = Debug|Any CPU
		{89A651D9-DCEF-42F7-BF86-ABB461B277D2}.Debug|Any CPU.Build.0 = Debug|Any CPU
		{89A651D9-DCEF-42F7-BF86-ABB461B277D2}.Release|Any CPU.ActiveCfg = Release|Any CPU
		{89A651D9-DCEF-42F7-BF86-ABB461B277D2}.Release|Any CPU.Build.0 = Release|Any CPU
	EndGlobalSection
	GlobalSection(SolutionProperties) = preSolution
		HideSolutionNode = FALSE
	EndGlobalSection
	GlobalSection(ExtensibilityGlobals) = postSolution
		SolutionGuid = {82F91924-E03A-431E-A8D9-84D7AD772AC2}
	EndGlobalSection
EndGlobal
